github.com/onskycloud/io v0.0.0-20191031085653-aaa4f3dd15da h1:5TDW1OshDBGzPN/F/NJZThxDs838wRaLLOh2JYCQiDM=
github.com/onskycloud/io v0.0.0-20191031085653-aaa4f3dd15da/go.mod h1:45VUyj5oOtRlkBHN5JnF3QDNG1I9yztMVmWxT0pS10k=
gopkg.in/check.v1 v0.0.0-20161208181325-20d25e280405/go.mod h1:Co6ibVJAznAaIkqp8huTwlJQCZ016jof/cbN4VW5Yz0=
gopkg.in/yaml.v2 v2.2.4 h1:/eiJrUcujPVeJ3xlSWaiNi3uSVmDGBK1pDHUHAnao1I=
gopkg.in/yaml.v2 v2.2.4/go.mod h1:hI93XBmqTisBFMUTm0b8Fm+jr3Dg1NNxqwp+5A1VGuI=
